
Microsoft Visual Studio Solution File, Format Version 12.00
# Visual Studio 15
VisualStudioVersion = 15.0.26730.16
MinimumVisualStudioVersion = 10.0.40219.1
Project("{FAE04EC0-301F-11D3-BF4B-00C04F79EFBC}") = "psactivitygrades", "psactivitygrades\psactivitygrades.csproj", "{5B639C87-9F8C-437D-8CB3-FAD02956750E}"
EndProject
Project("{FAE04EC0-301F-11D3-BF4B-00C04F79EFBC}") = "Grades.Tests", "Grades.Tests\Grades.Tests.csproj", "{C2416ADA-FEF7-4A33-8E06-FB903FA123E2}"
EndProject
Global
	GlobalSection(SolutionConfigurationPlatforms) = preSolution
		Debug|Any CPU = Debug|Any CPU
		Release|Any CPU = Release|Any CPU
	EndGlobalSection
	GlobalSection(ProjectConfigurationPlatforms) = postSolution
		{5B639C87-9F8C-437D-8CB3-FAD02956750E}.Debug|Any CPU.ActiveCfg = Debug|Any CPU
		{5B639C87-9F8C-437D-8CB3-FAD02956750E}.Debug|Any CPU.Build.0 = Debug|Any CPU
		{5B639C87-9F8C-437D-8CB3-FAD02956750E}.Release|Any CPU.ActiveCfg = Release|Any CPU
		{5B639C87-9F8C-437D-8CB3-FAD02956750E}.Release|Any CPU.Build.0 = Release|Any CPU
		{C2416ADA-FEF7-4A33-8E06-FB903FA123E2}.Debug|Any CPU.ActiveCfg = Debug|Any CPU
		{C2416ADA-FEF7-4A33-8E06-FB903FA123E2}.Debug|Any CPU.Build.0 = Debug|Any CPU
		{C2416ADA-FEF7-4A33-8E06-FB903FA123E2}.Release|Any CPU.ActiveCfg = Release|Any CPU
		{C2416ADA-FEF7-4A33-8E06-FB903FA123E2}.Release|Any CPU.Build.0 = Release|Any CPU
	EndGlobalSection
	GlobalSection(SolutionProperties) = preSolution
		HideSolutionNode = FALSE
	EndGlobalSection
	GlobalSection(ExtensibilityGlobals) = postSolution
		SolutionGuid = {76500F35-2018-45C1-AF91-EDD143887021}
	EndGlobalSection
EndGlobal
